// !$*UTF8*$!
{
	archiveVersion = 1;
	classes = {
	};
	objectVersion = 46;
	objects = {

/* Begin PBXBuildFile section */
		65B31F491AC1DC3400B640F9 /* main.m in Sources */ = {isa = PBXBuildFile; fileRef = 65B31F481AC1DC3400B640F9 /* main.m */; };
		65B31F631AC1DC3400B640F9 /* BlockLiteralTests.m in Sources */ = {isa = PBXBuildFile; fileRef = 65B31F621AC1DC3400B640F9 /* BlockLiteralTests.m */; };
		65B31F731AC1DC5B00B640F9 /* KEWLAppDelegate.m in Sources */ = {isa = PBXBuildFile; fileRef = 65B31F6D1AC1DC5B00B640F9 /* KEWLAppDelegate.m */; };
		65B31F741AC1DC5B00B640F9 /* KEWLCoolView.m in Sources */ = {isa = PBXBuildFile; fileRef = 65B31F6F1AC1DC5B00B640F9 /* KEWLCoolView.m */; };
		65B31F751AC1DC5B00B640F9 /* KEWLCoolController.m in Sources */ = {isa = PBXBuildFile; fileRef = 65B31F711AC1DC5B00B640F9 /* KEWLCoolController.m */; };
		65B31F761AC1DC5B00B640F9 /* CoolStuff.xib in Resources */ = {isa = PBXBuildFile; fileRef = 65B31F721AC1DC5B00B640F9 /* CoolStuff.xib */; };
		65B31F781AC1DCC600B640F9 /* README.md in Sources */ = {isa = PBXBuildFile; fileRef = 65B31F771AC1DCC600B640F9 /* README.md */; };
/* End PBXBuildFile section */

/* Begin PBXContainerItemProxy section */
		65B31F5D1AC1DC3400B640F9 /* PBXContainerItemProxy */ = {
			isa = PBXContainerItemProxy;
			containerPortal = 65B31F3B1AC1DC3400B640F9 /* Project object */;
			proxyType = 1;
			remoteGlobalIDString = 65B31F421AC1DC3400B640F9;
			remoteInfo = Coolness;
		};
/* End PBXContainerItemProxy section */

/* Begin PBXFileReference section */
		65B31F431AC1DC3400B640F9 /* Coolness.app */ = {isa = PBXFileReference; explicitFileType = wrapper.application; includeInIndex = 0; path = Coolness.app; sourceTree = BUILT_PRODUCTS_DIR; };
		65B31F471AC1DC3400B640F9 /* Info.plist */ = {isa = PBXFileReference; lastKnownFileType = text.plist.xml; path = Info.plist; sourceTree = "<group>"; };
		65B31F481AC1DC3400B640F9 /* main.m */ = {isa = PBXFileReference; lastKnownFileType = sourcecode.c.objc; path = main.m; sourceTree = "<group>"; };
		65B31F5C1AC1DC3400B640F9 /* CoolnessTests.xctest */ = {isa = PBXFileReference; explicitFileType = wrapper.cfbundle; includeInIndex = 0; path = CoolnessTests.xctest; sourceTree = BUILT_PRODUCTS_DIR; };
		65B31F611AC1DC3400B640F9 /* Info.plist */ = {isa = PBXFileReference; lastKnownFileType = text.plist.xml; path = Info.plist; sourceTree = "<group>"; };
		65B31F621AC1DC3400B640F9 /* BlockLiteralTests.m */ = {isa = PBXFileReference; lastKnownFileType = sourcecode.c.objc; path = BlockLiteralTests.m; sourceTree = "<group>"; };
		65B31F6C1AC1DC5B00B640F9 /* KEWLAppDelegate.h */ = {isa = PBXFileReference; fileEncoding = 4; lastKnownFileType = sourcecode.c.h; path = KEWLAppDelegate.h; sourceTree = "<group>"; };
		65B31F6D1AC1DC5B00B640F9 /* KEWLAppDelegate.m */ = {isa = PBXFileReference; fileEncoding = 4; lastKnownFileType = sourcecode.c.objc; path = KEWLAppDelegate.m; sourceTree = "<group>"; };
		65B31F6E1AC1DC5B00B640F9 /* KEWLCoolView.h */ = {isa = PBXFileReference; fileEncoding = 4; lastKnownFileType = sourcecode.c.h; path = KEWLCoolView.h; sourceTree = "<group>"; };
		65B31F6F1AC1DC5B00B640F9 /* KEWLCoolView.m */ = {isa = PBXFileReference; fileEncoding = 4; lastKnownFileType = sourcecode.c.objc; path = KEWLCoolView.m; sourceTree = "<group>"; };
		65B31F701AC1DC5B00B640F9 /* KEWLCoolController.h */ = {isa = PBXFileReference; fileEncoding = 4; lastKnownFileType = sourcecode.c.h; path = KEWLCoolController.h; sourceTree = "<group>"; };
		65B31F711AC1DC5B00B640F9 /* KEWLCoolController.m */ = {isa = PBXFileReference; fileEncoding = 4; lastKnownFileType = sourcecode.c.objc; path = KEWLCoolController.m; sourceTree = "<group>"; };
		65B31F721AC1DC5B00B640F9 /* CoolStuff.xib */ = {isa = PBXFileReference; fileEncoding = 4; lastKnownFileType = file.xib; path = CoolStuff.xib; sourceTree = "<group>"; };
		65B31F771AC1DCC600B640F9 /* README.md */ = {isa = PBXFileReference; fileEncoding = 4; lastKnownFileType = net.daringfireball.markdown; path = README.md; sourceTree = "<group>"; };
/* End PBXFileReference section */

/* Begin PBXFrameworksBuildPhase section */
		65B31F401AC1DC3400B640F9 /* Frameworks */ = {
			isa = PBXFrameworksBuildPhase;
			buildActionMask = 2147483647;
			files = (
			);
			runOnlyForDeploymentPostprocessing = 0;
		};
		65B31F591AC1DC3400B640F9 /* Frameworks */ = {
			isa = PBXFrameworksBuildPhase;
			buildActionMask = 2147483647;
			files = (
			);
			runOnlyForDeploymentPostprocessing = 0;
		};
/* End PBXFrameworksBuildPhase section */

/* Begin PBXGroup section */
		65B31F3A1AC1DC3400B640F9 = {
			isa = PBXGroup;
			children = (
				65B31F771AC1DCC600B640F9 /* README.md */,
				65B31F451AC1DC3400B640F9 /* Coolness */,
				65B31F5F1AC1DC3400B640F9 /* CoolnessTests */,
				65B31F441AC1DC3400B640F9 /* Products */,
			);
			sourceTree = "<group>";
		};
		65B31F441AC1DC3400B640F9 /* Products */ = {
			isa = PBXGroup;
			children = (
				65B31F431AC1DC3400B640F9 /* Coolness.app */,
				65B31F5C1AC1DC3400B640F9 /* CoolnessTests.xctest */,
			);
			name = Products;
			sourceTree = "<group>";
		};
		65B31F451AC1DC3400B640F9 /* Coolness */ = {
			isa = PBXGroup;
			children = (
				65B31F6C1AC1DC5B00B640F9 /* KEWLAppDelegate.h */,
				65B31F6D1AC1DC5B00B640F9 /* KEWLAppDelegate.m */,
				65B31F6E1AC1DC5B00B640F9 /* KEWLCoolView.h */,
				65B31F6F1AC1DC5B00B640F9 /* KEWLCoolView.m */,
				65B31F701AC1DC5B00B640F9 /* KEWLCoolController.h */,
				65B31F711AC1DC5B00B640F9 /* KEWLCoolController.m */,
				65B31F721AC1DC5B00B640F9 /* CoolStuff.xib */,
				65B31F461AC1DC3400B640F9 /* Supporting Files */,
			);
			path = Coolness;
			sourceTree = "<group>";
		};
		65B31F461AC1DC3400B640F9 /* Supporting Files */ = {
			isa = PBXGroup;
			children = (
				65B31F471AC1DC3400B640F9 /* Info.plist */,
				65B31F481AC1DC3400B640F9 /* main.m */,
			);
			name = "Supporting Files";
			sourceTree = "<group>";
		};
		65B31F5F1AC1DC3400B640F9 /* CoolnessTests */ = {
			isa = PBXGroup;
			children = (
				65B31F621AC1DC3400B640F9 /* BlockLiteralTests.m */,
				65B31F601AC1DC3400B640F9 /* Supporting Files */,
			);
			path = CoolnessTests;
			sourceTree = "<group>";
		};
		65B31F601AC1DC3400B640F9 /* Supporting Files */ = {
			isa = PBXGroup;
			children = (
				65B31F611AC1DC3400B640F9 /* Info.plist */,
			);
			name = "Supporting Files";
			sourceTree = "<group>";
		};
/* End PBXGroup section */

/* Begin PBXNativeTarget section */
		65B31F421AC1DC3400B640F9 /* Coolness */ = {
			isa = PBXNativeTarget;
			buildConfigurationList = 65B31F661AC1DC3400B640F9 /* Build configuration list for PBXNativeTarget "Coolness" */;
			buildPhases = (
				65B31F3F1AC1DC3400B640F9 /* Sources */,
				65B31F401AC1DC3400B640F9 /* Frameworks */,
				65B31F411AC1DC3400B640F9 /* Resources */,
			);
			buildRules = (
			);
			dependencies = (
			);
			name = Coolness;
			productName = Coolness;
			productReference = 65B31F431AC1DC3400B640F9 /* Coolness.app */;
			productType = "com.apple.product-type.application";
		};
		65B31F5B1AC1DC3400B640F9 /* CoolnessTests */ = {
			isa = PBXNativeTarget;
			buildConfigurationList = 65B31F691AC1DC3400B640F9 /* Build configuration list for PBXNativeTarget "CoolnessTests" */;
			buildPhases = (
				65B31F581AC1DC3400B640F9 /* Sources */,
				65B31F591AC1DC3400B640F9 /* Frameworks */,
				65B31F5A1AC1DC3400B640F9 /* Resources */,
			);
			buildRules = (
			);
			dependencies = (
				65B31F5E1AC1DC3400B640F9 /* PBXTargetDependency */,
			);
			name = CoolnessTests;
			productName = CoolnessTests;
			productReference = 65B31F5C1AC1DC3400B640F9 /* CoolnessTests.xctest */;
			productType = "com.apple.product-type.bundle.unit-test";
		};
/* End PBXNativeTarget section */

/* Begin PBXProject section */
		65B31F3B1AC1DC3400B640F9 /* Project object */ = {
			isa = PBXProject;
			attributes = {
				LastUpgradeCheck = 0610;
				ORGANIZATIONNAME = "About Objects";
				TargetAttributes = {
					65B31F421AC1DC3400B640F9 = {
						CreatedOnToolsVersion = 6.1.1;
					};
					65B31F5B1AC1DC3400B640F9 = {
						CreatedOnToolsVersion = 6.1.1;
						TestTargetID = 65B31F421AC1DC3400B640F9;
					};
				};
			};
			buildConfigurationList = 65B31F3E1AC1DC3400B640F9 /* Build configuration list for PBXProject "Coolness" */;
			compatibilityVersion = "Xcode 3.2";
			developmentRegion = English;
			hasScannedForEncodings = 0;
			knownRegions = (
				en,
				Base,
			);
			mainGroup = 65B31F3A1AC1DC3400B640F9;
			productRefGroup = 65B31F441AC1DC3400B640F9 /* Products */;
			projectDirPath = "";
			projectRoot = "";
			targets = (
				65B31F421AC1DC3400B640F9 /* Coolness */,
				65B31F5B1AC1DC3400B640F9 /* CoolnessTests */,
			);
		};
/* End PBXProject section */

/* Begin PBXResourcesBuildPhase section */
		65B31F411AC1DC3400B640F9 /* Resources */ = {
			isa = PBXResourcesBuildPhase;
			buildActionMask = 2147483647;
			files = (
				65B31F761AC1DC5B00B640F9 /* CoolStuff.xib in Resources */,
			);
			runOnlyForDeploymentPostprocessing = 0;
		};
		65B31F5A1AC1DC3400B640F9 /* Resources */ = {
			isa = PBXResourcesBuildPhase;
			buildActionMask = 2147483647;
			files = (
			);
			runOnlyForDeploymentPostprocessing = 0;
		};
/* End PBXResourcesBuildPhase section */

/* Begin PBXSourcesBuildPhase section */
		65B31F3F1AC1DC3400B640F9 /* Sources */ = {
			isa = PBXSourcesBuildPhase;
			buildActionMask = 2147483647;
			files = (
				65B31F491AC1DC3400B640F9 /* main.m in Sources */,
				65B31F731AC1DC5B00B640F9 /* KEWLAppDelegate.m in Sources */,
				65B31F781AC1DCC600B640F9 /* README.md in Sources */,
				65B31F741AC1DC5B00B640F9 /* KEWLCoolView.m in Sources */,
				65B31F751AC1DC5B00B640F9 /* KEWLCoolController.m in Sources */,
			);
			runOnlyForDeploymentPostprocessing = 0;
		};
		65B31F581AC1DC3400B640F9 /* Sources */ = {
			isa = PBXSourcesBuildPhase;
			buildActionMask = 2147483647;
			files = (
				65B31F631AC1DC3400B640F9 /* BlockLiteralTests.m in Sources */,
			);
			runOnlyForDeploymentPostprocessing = 0;
		};
/* End PBXSourcesBuildPhase section */

/* Begin PBXTargetDependency section */
		65B31F5E1AC1DC3400B640F9 /* PBXTargetDependency */ = {
			isa = PBXTargetDependency;
			target = 65B31F421AC1DC3400B640F9 /* Coolness */;
			targetProxy = 65B31F5D1AC1DC3400B640F9 /* PBXContainerItemProxy */;
		};
/* End PBXTargetDependency section */

/* Begin XCBuildConfiguration section */
		65B31F641AC1DC3400B640F9 /* Debug */ = {
			isa = XCBuildConfiguration;
			buildSettings = {
				ALWAYS_SEARCH_USER_PATHS = NO;
				CLANG_CXX_LANGUAGE_STANDARD = "gnu++0x";
				CLANG_CXX_LIBRARY = "libc++";
				CLANG_ENABLE_MODULES = YES;
				CLANG_ENABLE_OBJC_ARC = YES;
				CLANG_WARN_BOOL_CONVERSION = YES;
				CLANG_WARN_CONSTANT_CONVERSION = YES;
				CLANG_WARN_DIRECT_OBJC_ISA_USAGE = YES_ERROR;
				CLANG_WARN_EMPTY_BODY = YES;
				CLANG_WARN_ENUM_CONVERSION = YES;
				CLANG_WARN_INT_CONVERSION = YES;
				CLANG_WARN_OBJC_ROOT_CLASS = YES_ERROR;
				CLANG_WARN_UNREACHABLE_CODE = YES;
				CLANG_WARN__DUPLICATE_METHOD_MATCH = YES;
				"CODE_SIGN_IDENTITY[sdk=iphoneos*]" = "iPhone Developer";
				COPY_PHASE_STRIP = NO;
				ENABLE_STRICT_OBJC_MSGSEND = YES;
				GCC_C_LANGUAGE_STANDARD = gnu99;
				GCC_DYNAMIC_NO_PIC = NO;
				GCC_OPTIMIZATION_LEVEL = 0;
				GCC_PREPROCESSOR_DEFINITIONS = (
					"DEBUG=1",
					"$(inherited)",
				);
				GCC_SYMBOLS_PRIVATE_EXTERN = NO;
				GCC_WARN_64_TO_32_BIT_CONVERSION = YES;
				GCC_WARN_ABOUT_RETURN_TYPE = YES_ERROR;
				GCC_WARN_UNDECLARED_SELECTOR = YES;
				GCC_WARN_UNINITIALIZED_AUTOS = YES_AGGRESSIVE;
				GCC_WARN_UNUSED_FUNCTION = YES;
				GCC_WARN_UNUSED_VARIABLE = YES;
				IPHONEOS_DEPLOYMENT_TARGET = 8.1;
				MTL_ENABLE_DEBUG_INFO = YES;
				ONLY_ACTIVE_ARCH = YES;
				SDKROOT = iphoneos;
			};
			name = Debug;
		};
		65B31F651AC1DC3400B640F9 /* Release */ = {
			isa = XCBuildConfiguration;
			buildSettings = {
				ALWAYS_SEARCH_USER_PATHS = NO;
				CLANG_CXX_LANGUAGE_STANDARD = "gnu++0x";
				CLANG_CXX_LIBRARY = "libc++";
				CLANG_ENABLE_MODULES = YES;
				CLANG_ENABLE_OBJC_ARC = YES;
				CLANG_WARN_BOOL_CONVERSION = YES;
				CLANG_WARN_CONSTANT_CONVERSION = YES;
				CLANG_WARN_DIRECT_OBJC_ISA_USAGE = YES_ERROR;
				CLANG_WARN_EMPTY_BODY = YES;
				CLANG_WARN_ENUM_CONVERSION = YES;
				CLANG_WARN_INT_CONVERSION = YES;
				CLANG_WARN_OBJC_ROOT_CLASS = YES_ERROR;
				CLANG_WARN_UNREACHABLE_CODE = YES;
				CLANG_WARN__DUPLICATE_METHOD_MATCH = YES;
				"CODE_SIGN_IDENTITY[sdk=iphoneos*]" = "iPhone Developer";
				COPY_PHASE_STRIP = YES;
				ENABLE_NS_ASSERTIONS = NO;
				ENABLE_STRICT_OBJC_MSGSEND = YES;
				GCC_C_LANGUAGE_STANDARD = gnu99;
				GCC_WARN_64_TO_32_BIT_CONVERSION = YES;
				GCC_WARN_ABOUT_RETURN_TYPE = YES_ERROR;
				GCC_WARN_UNDECLARED_SELECTOR = YES;
				GCC_WARN_UNINITIALIZED_AUTOS = YES_AGGRESSIVE;
				GCC_WARN_UNUSED_FUNCTION = YES;
				GCC_WARN_UNUSED_VARIABLE = YES;
				IPHONEOS_DEPLOYMENT_TARGET = 8.1;
				MTL_ENABLE_DEBUG_INFO = NO;
				SDKROOT = iphoneos;
				VALIDATE_PRODUCT = YES;
			};
			name = Release;
		};
		65B31F671AC1DC3400B640F9 /* Debug */ = {
			isa = XCBuildConfiguration;
			buildSettings = {
				ASSETCATALOG_COMPILER_APPICON_NAME = AppIcon;
				INFOPLIST_FILE = Coolness/Info.plist;
				LD_RUNPATH_SEARCH_PATHS = "$(inherited) @executable_path/Frameworks";
				PRODUCT_NAME = "$(TARGET_NAME)";
			};
			name = Debug;
		};
		65B31F681AC1DC3400B640F9 /* Release */ = {
			isa = XCBuildConfiguration;
			buildSettings = {
				ASSETCATALOG_COMPILER_APPICON_NAME = AppIcon;
				INFOPLIST_FILE = Coolness/Info.plist;
				LD_RUNPATH_SEARCH_PATHS = "$(inherited) @executable_path/Frameworks";
				PRODUCT_NAME = "$(TARGET_NAME)";
			};
			name = Release;
		};
		65B31F6A1AC1DC3400B640F9 /* Debug */ = {
			isa = XCBuildConfiguration;
			buildSettings = {
				BUNDLE_LOADER = "$(TEST_HOST)";
				FRAMEWORK_SEARCH_PATHS = (
					"$(SDKROOT)/Developer/Library/Frameworks",
					"$(inherited)",
				);
				GCC_PREPROCESSOR_DEFINITIONS = (
					"DEBUG=1",
					"$(inherited)",
				);
				INFOPLIST_FILE = CoolnessTests/Info.plist;
				LD_RUNPATH_SEARCH_PATHS = "$(inherited) @executable_path/Frameworks @loader_path/Frameworks";
				PRODUCT_NAME = "$(TARGET_NAME)";
				TEST_HOST = "$(BUILT_PRODUCTS_DIR)/Coolness.app/Coolness";
			};
			name = Debug;
		};
		65B31F6B1AC1DC3400B640F9 /* Release */ = {
			isa = XCBuildConfiguration;
			buildSettings = {
				BUNDLE_LOADER = "$(TEST_HOST)";
				FRAMEWORK_SEARCH_PATHS = (
					"$(SDKROOT)/Developer/Library/Frameworks",
					"$(inherited)",
				);
				INFOPLIST_FILE = CoolnessTests/Info.plist;
				LD_RUNPATH_SEARCH_PATHS = "$(inherited) @executable_path/Frameworks @loader_path/Frameworks";
				PRODUCT_NAME = "$(TARGET_NAME)";
				TEST_HOST = "$(BUILT_PRODUCTS_DIR)/Coolness.app/Coolness";
			};
			name = Release;
		};
/* End XCBuildConfiguration section */

/* Begin XCConfigurationList section */
		65B31F3E1AC1DC3400B640F9 /* Build configuration list for PBXProject "Coolness" */ = {
			isa = XCConfigurationList;
			buildConfigurations = (
				65B31F641AC1DC3400B640F9 /* Debug */,
				65B31F651AC1DC3400B640F9 /* Release */,
			);
			defaultConfigurationIsVisible = 0;
			defaultConfigurationName = Release;
		};
		65B31F661AC1DC3400B640F9 /* Build configuration list for PBXNativeTarget "Coolness" */ = {
			isa = XCConfigurationList;
			buildConfigurations = (
				65B31F671AC1DC3400B640F9 /* Debug */,
				65B31F681AC1DC3400B640F9 /* Release */,
			);
			defaultConfigurationIsVisible = 0;
		};
		65B31F691AC1DC3400B640F9 /* Build configuration list for PBXNativeTarget "CoolnessTests" */ = {
			isa = XCConfigurationList;
			buildConfigurations = (
				65B31F6A1AC1DC3400B640F9 /* Debug */,
				65B31F6B1AC1DC3400B640F9 /* Release */,
			);
			defaultConfigurationIsVisible = 0;
		};
/* End XCConfigurationList section */
	};
	rootObject = 65B31F3B1AC1DC3400B640F9 /* Project object */;
}
